{
  "name": "@mlabs-haskell/uplc-apply-args",
  "version": "2.0.0",
  "lockfileVersion": 3,
  "requires": true,
  "packages": {
    "": {
      "name": "@mlabs-haskell/uplc-apply-args",
      "version": "2.0.0",
      "license": "ISC",
      "dependencies": {
        "@mlabs-haskell/uplc-apply-args-browser": "^0.0.3",
        "@mlabs-haskell/uplc-apply-args-nodejs": "^0.0.3"
      }
    },
    "node_modules/@mlabs-haskell/uplc-apply-args-browser": {
      "version": "0.0.3",
      "resolved": "https://registry.npmjs.org/@mlabs-haskell/uplc-apply-args-browser/-/uplc-apply-args-browser-0.0.3.tgz",
      "integrity": "sha512-U2GFMN2Q2KLwTKjrwDXcOBznIvib3Jvdg79xmXDx3/L94PGoBfLN9bBByfVTwKP+ETRfJgRXwi5xxctwKXvT+g=="
    },
    "node_modules/@mlabs-haskell/uplc-apply-args-nodejs": {
      "version": "0.0.3",
      "resolved": "https://registry.npmjs.org/@mlabs-haskell/uplc-apply-args-nodejs/-/uplc-apply-args-nodejs-0.0.3.tgz",
      "integrity": "sha512-0uLz+67U1yiXvt3qu/7NBd0WK6LWXf9XteaInQk56RqRbxi4WKA/1Rm73VuciZzLWohXMDNbVNCiirmXi6k+9A=="
    }
  }
}
