{
  "name": "@mlabs-haskell/uplc-apply-args",
  "version": "1.0.0",
  "lockfileVersion": 3,
  "requires": true,
  "packages": {
    "": {
      "name": "@mlabs-haskell/uplc-apply-args",
      "version": "1.0.0",
      "license": "ISC",
      "dependencies": {
        "apply-args-browser": "^0.0.1",
        "apply-args-nodejs": "^0.0.1"
      }
    },
    "node_modules/apply-args-browser": {
      "version": "0.0.1",
      "resolved": "https://registry.npmjs.org/apply-args-browser/-/apply-args-browser-0.0.1.tgz",
      "integrity": "sha512-gq4ldo4Fk5SEVpeW/0yBe0v5g3VDEWAm9LB80zGarYtDvojTD7ar0Y/WvIy9gYAkKmlE3USu5wYwKKCqOXfNkg=="
    },
    "node_modules/apply-args-nodejs": {
      "version": "0.0.1",
      "resolved": "https://registry.npmjs.org/apply-args-nodejs/-/apply-args-nodejs-0.0.1.tgz",
      "integrity": "sha512-JwZPEvEDrL+4y16Un6FcNjDSITpsBykchgwPh8UtxnziYrbxKAc2BUfyC5uvA6ZVIhQjiO4r+Kg1MQ3nqWk+1Q=="
    }
  }
}
